
Microsoft Visual Studio Solution File, Format Version 12.00
# Visual Studio Version 17
VisualStudioVersion = 17.10.35013.160
MinimumVisualStudioVersion = 10.0.40219.1
Project("{FAE04EC0-301F-11D3-BF4B-00C04F79EFBC}") = "Server", "Server\Server.csproj", "{4F388476-CD71-459D-B19D-D568CE147BC9}"
EndProject
Global
	GlobalSection(SolutionConfigurationPlatforms) = preSolution
		Debug|Any CPU = Debug|Any CPU
		Release|Any CPU = Release|Any CPU
	EndGlobalSection
	GlobalSection(ProjectConfigurationPlatforms) = postSolution
		{4F388476-CD71-459D-B19D-D568CE147BC9}.Debug|Any CPU.ActiveCfg = Debug|Any CPU
		{4F388476-CD71-459D-B19D-D568CE147BC9}.Debug|Any CPU.Build.0 = Debug|Any CPU
		{4F388476-CD71-459D-B19D-D568CE147BC9}.Release|Any CPU.ActiveCfg = Release|Any CPU
		{4F388476-CD71-459D-B19D-D568CE147BC9}.Release|Any CPU.Build.0 = Release|Any CPU
	EndGlobalSection
	GlobalSection(SolutionProperties) = preSolution
		HideSolutionNode = FALSE
	EndGlobalSection
	GlobalSection(ExtensibilityGlobals) = postSolution
		SolutionGuid = {3C4972D6-121A-49B9-BFE7-C4477A60332B}
	EndGlobalSection
EndGlobal
